
Microsoft Visual Studio Solution File, Format Version 12.00
# Visual Studio Version 17
VisualStudioVersion = 17.7.34031.279
MinimumVisualStudioVersion = 10.0.40219.1
Project("{FAE04EC0-301F-11D3-BF4B-00C04F79EFBC}") = "CameraWpf", "CameraWpf.csproj", "{8B2D540A-AF4B-4CF0-A9A6-9DA529FC40E8}"
EndProject
Global
	GlobalSection(SolutionConfigurationPlatforms) = preSolution
		Debug|Any CPU = Debug|Any CPU
		Release|Any CPU = Release|Any CPU
	EndGlobalSection
	GlobalSection(ProjectConfigurationPlatforms) = postSolution
		{8B2D540A-AF4B-4CF0-A9A6-9DA529FC40E8}.Debug|Any CPU.ActiveCfg = Debug|Any CPU
		{8B2D540A-AF4B-4CF0-A9A6-9DA529FC40E8}.Debug|Any CPU.Build.0 = Debug|Any CPU
		{8B2D540A-AF4B-4CF0-A9A6-9DA529FC40E8}.Release|Any CPU.ActiveCfg = Release|Any CPU
		{8B2D540A-AF4B-4CF0-A9A6-9DA529FC40E8}.Release|Any CPU.Build.0 = Release|Any CPU
	EndGlobalSection
	GlobalSection(SolutionProperties) = preSolution
		HideSolutionNode = FALSE
	EndGlobalSection
	GlobalSection(ExtensibilityGlobals) = postSolution
		SolutionGuid = {3D4BB9D5-3FA2-4E9F-B3A5-2FCBE03ABAF9}
	EndGlobalSection
EndGlobal
